
Microsoft Visual Studio Solution File, Format Version 12.00
# Visual Studio Version 17
VisualStudioVersion = 17.13.35919.96
MinimumVisualStudioVersion = 10.0.40219.1
Project("{FAE04EC0-301F-11D3-BF4B-00C04F79EFBC}") = "Health-Hub.API", "Health-Hub\Health-Hub.API.csproj", "{4A557D86-465C-44B1-A9C7-D64376BEE11F}"
EndProject
Project("{FAE04EC0-301F-11D3-BF4B-00C04F79EFBC}") = "Health-Hub.Application", "Health-Hub.Application\Health-Hub.Application.csproj", "{D3F188B3-8AFC-4824-8568-293022008655}"
EndProject
Project("{FAE04EC0-301F-11D3-BF4B-00C04F79EFBC}") = "Health-Hub.Domain", "Health-Hub.Domain\Health-Hub.Domain.csproj", "{D7976A98-353D-4CF0-B98D-03E0E491C099}"
EndProject
Project("{FAE04EC0-301F-11D3-BF4B-00C04F79EFBC}") = "Health-Hub.Infrastructure", "Health-Hub.Infrastructure\Health-Hub.Infrastructure.csproj", "{E214665F-A496-4EC3-ACFF-BDC273EA4CFE}"
EndProject
Project("{2150E333-8FDC-42A3-9474-1A3956D46DE8}") = "src", "src", "{02EA681E-C7D8-13C7-8484-4AC65E1B71E8}"
EndProject
Project("{2150E333-8FDC-42A3-9474-1A3956D46DE8}") = "tests", "tests", "{6916805C-164C-41A7-9296-E713834F28C3}"
EndProject
Project("{FAE04EC0-301F-11D3-BF4B-00C04F79EFBC}") = "Health-Hub.Tests", "Health-Hub.Tests\Health-Hub.Tests.csproj", "{9E7CEE09-6C5B-4808-B523-F776AF0F4E5E}"
EndProject
Project("{2150E333-8FDC-42A3-9474-1A3956D46DE8}") = "scripts", "scripts", "{3B2A0D2E-BD12-4B5C-ADCE-9E5A9342105F}"
	ProjectSection(SolutionItems) = preProject
		deploy.sh = deploy.sh
	EndProjectSection
EndProject
Global
	GlobalSection(SolutionConfigurationPlatforms) = preSolution
		Debug|Any CPU = Debug|Any CPU
		Release|Any CPU = Release|Any CPU
	EndGlobalSection
	GlobalSection(ProjectConfigurationPlatforms) = postSolution
		{4A557D86-465C-44B1-A9C7-D64376BEE11F}.Debug|Any CPU.ActiveCfg = Debug|Any CPU
		{4A557D86-465C-44B1-A9C7-D64376BEE11F}.Debug|Any CPU.Build.0 = Debug|Any CPU
		{4A557D86-465C-44B1-A9C7-D64376BEE11F}.Release|Any CPU.ActiveCfg = Release|Any CPU
		{4A557D86-465C-44B1-A9C7-D64376BEE11F}.Release|Any CPU.Build.0 = Release|Any CPU
		{D3F188B3-8AFC-4824-8568-293022008655}.Debug|Any CPU.ActiveCfg = Debug|Any CPU
		{D3F188B3-8AFC-4824-8568-293022008655}.Debug|Any CPU.Build.0 = Debug|Any CPU
		{D3F188B3-8AFC-4824-8568-293022008655}.Release|Any CPU.ActiveCfg = Release|Any CPU
		{D3F188B3-8AFC-4824-8568-293022008655}.Release|Any CPU.Build.0 = Release|Any CPU
		{D7976A98-353D-4CF0-B98D-03E0E491C099}.Debug|Any CPU.ActiveCfg = Debug|Any CPU
		{D7976A98-353D-4CF0-B98D-03E0E491C099}.Debug|Any CPU.Build.0 = Debug|Any CPU
		{D7976A98-353D-4CF0-B98D-03E0E491C099}.Release|Any CPU.ActiveCfg = Release|Any CPU
		{D7976A98-353D-4CF0-B98D-03E0E491C099}.Release|Any CPU.Build.0 = Release|Any CPU
		{E214665F-A496-4EC3-ACFF-BDC273EA4CFE}.Debug|Any CPU.ActiveCfg = Debug|Any CPU
		{E214665F-A496-4EC3-ACFF-BDC273EA4CFE}.Debug|Any CPU.Build.0 = Debug|Any CPU
		{E214665F-A496-4EC3-ACFF-BDC273EA4CFE}.Release|Any CPU.ActiveCfg = Release|Any CPU
		{E214665F-A496-4EC3-ACFF-BDC273EA4CFE}.Release|Any CPU.Build.0 = Release|Any CPU
		{9E7CEE09-6C5B-4808-B523-F776AF0F4E5E}.Debug|Any CPU.ActiveCfg = Debug|Any CPU
		{9E7CEE09-6C5B-4808-B523-F776AF0F4E5E}.Debug|Any CPU.Build.0 = Debug|Any CPU
		{9E7CEE09-6C5B-4808-B523-F776AF0F4E5E}.Release|Any CPU.ActiveCfg = Release|Any CPU
		{9E7CEE09-6C5B-4808-B523-F776AF0F4E5E}.Release|Any CPU.Build.0 = Release|Any CPU
	EndGlobalSection
	GlobalSection(SolutionProperties) = preSolution
		HideSolutionNode = FALSE
	EndGlobalSection
	GlobalSection(NestedProjects) = preSolution
		{4A557D86-465C-44B1-A9C7-D64376BEE11F} = {02EA681E-C7D8-13C7-8484-4AC65E1B71E8}
		{D3F188B3-8AFC-4824-8568-293022008655} = {02EA681E-C7D8-13C7-8484-4AC65E1B71E8}
		{D7976A98-353D-4CF0-B98D-03E0E491C099} = {02EA681E-C7D8-13C7-8484-4AC65E1B71E8}
		{E214665F-A496-4EC3-ACFF-BDC273EA4CFE} = {02EA681E-C7D8-13C7-8484-4AC65E1B71E8}
		{9E7CEE09-6C5B-4808-B523-F776AF0F4E5E} = {6916805C-164C-41A7-9296-E713834F28C3}
	EndGlobalSection
	GlobalSection(ExtensibilityGlobals) = postSolution
		SolutionGuid = {7B7627EF-5AE6-4037-B9AE-087C6F5F5C49}
	EndGlobalSection
EndGlobal
